
Microsoft Visual Studio Solution File, Format Version 12.00
# Visual Studio Version 17
VisualStudioVersion = 17.3.32901.215
MinimumVisualStudioVersion = 10.0.40219.1
Project("{FAE04EC0-301F-11D3-BF4B-00C04F79EFBC}") = "EventsIT", "EventsIT\EventsIT.csproj", "{940ED0AB-5E6A-4188-B0E0-899C9142B155}"
EndProject
Global
	GlobalSection(SolutionConfigurationPlatforms) = preSolution
		Debug|Any CPU = Debug|Any CPU
		Release|Any CPU = Release|Any CPU
	EndGlobalSection
	GlobalSection(ProjectConfigurationPlatforms) = postSolution
		{940ED0AB-5E6A-4188-B0E0-899C9142B155}.Debug|Any CPU.ActiveCfg = Debug|Any CPU
		{940ED0AB-5E6A-4188-B0E0-899C9142B155}.Debug|Any CPU.Build.0 = Debug|Any CPU
		{940ED0AB-5E6A-4188-B0E0-899C9142B155}.Release|Any CPU.ActiveCfg = Release|Any CPU
		{940ED0AB-5E6A-4188-B0E0-899C9142B155}.Release|Any CPU.Build.0 = Release|Any CPU
	EndGlobalSection
	GlobalSection(SolutionProperties) = preSolution
		HideSolutionNode = FALSE
	EndGlobalSection
	GlobalSection(ExtensibilityGlobals) = postSolution
		SolutionGuid = {D233324E-9DC7-4B40-9818-76E8152B8BA8}
	EndGlobalSection
EndGlobal
